
Microsoft Visual Studio Solution File, Format Version 12.00
# Visual Studio Version 16
VisualStudioVersion = 16.0.30114.105
MinimumVisualStudioVersion = 10.0.40219.1
Project("{FAE04EC0-301F-11D3-BF4B-00C04F79EFBC}") = "Contract", "Contract\Contract.csproj", "{DF9F0282-5635-466E-8370-E6B10AB96619}"
EndProject
Project("{FAE04EC0-301F-11D3-BF4B-00C04F79EFBC}") = "Entities", "Entities\Entities.csproj", "{76CF5394-1DCB-4310-B71A-8C02D59415F9}"
EndProject
Global
	GlobalSection(SolutionConfigurationPlatforms) = preSolution
		Debug|Any CPU = Debug|Any CPU
		Release|Any CPU = Release|Any CPU
	EndGlobalSection
	GlobalSection(SolutionProperties) = preSolution
		HideSolutionNode = FALSE
	EndGlobalSection
	GlobalSection(ProjectConfigurationPlatforms) = postSolution
		{DF9F0282-5635-466E-8370-E6B10AB96619}.Debug|Any CPU.ActiveCfg = Debug|Any CPU
		{DF9F0282-5635-466E-8370-E6B10AB96619}.Debug|Any CPU.Build.0 = Debug|Any CPU
		{DF9F0282-5635-466E-8370-E6B10AB96619}.Release|Any CPU.ActiveCfg = Release|Any CPU
		{DF9F0282-5635-466E-8370-E6B10AB96619}.Release|Any CPU.Build.0 = Release|Any CPU
		{76CF5394-1DCB-4310-B71A-8C02D59415F9}.Debug|Any CPU.ActiveCfg = Debug|Any CPU
		{76CF5394-1DCB-4310-B71A-8C02D59415F9}.Debug|Any CPU.Build.0 = Debug|Any CPU
		{76CF5394-1DCB-4310-B71A-8C02D59415F9}.Release|Any CPU.ActiveCfg = Release|Any CPU
		{76CF5394-1DCB-4310-B71A-8C02D59415F9}.Release|Any CPU.Build.0 = Release|Any CPU
	EndGlobalSection
EndGlobal
